
Microsoft Visual Studio Solution File, Format Version 12.00
# Visual Studio Version 16
VisualStudioVersion = 16.0.30002.166
MinimumVisualStudioVersion = 10.0.40219.1
Project("{8BC9CEB8-8B4A-11D0-8D11-00A0C91BC942}") = "Sudoku", "Sudoku\Sudoku.vcxproj", "{76AF5396-0C30-4A3A-B69E-3E2B341667CB}"
EndProject
Global
	GlobalSection(SolutionConfigurationPlatforms) = preSolution
		Debug|x64 = Debug|x64
		Debug|x86 = Debug|x86
		Release|x64 = Release|x64
		Release|x86 = Release|x86
	EndGlobalSection
	GlobalSection(ProjectConfigurationPlatforms) = postSolution
		{76AF5396-0C30-4A3A-B69E-3E2B341667CB}.Debug|x64.ActiveCfg = Debug|x64
		{76AF5396-0C30-4A3A-B69E-3E2B341667CB}.Debug|x64.Build.0 = Debug|x64
		{76AF5396-0C30-4A3A-B69E-3E2B341667CB}.Debug|x86.ActiveCfg = Debug|Win32
		{76AF5396-0C30-4A3A-B69E-3E2B341667CB}.Debug|x86.Build.0 = Debug|Win32
		{76AF5396-0C30-4A3A-B69E-3E2B341667CB}.Release|x64.ActiveCfg = Release|x64
		{76AF5396-0C30-4A3A-B69E-3E2B341667CB}.Release|x64.Build.0 = Release|x64
		{76AF5396-0C30-4A3A-B69E-3E2B341667CB}.Release|x86.ActiveCfg = Release|Win32
		{76AF5396-0C30-4A3A-B69E-3E2B341667CB}.Release|x86.Build.0 = Release|Win32
	EndGlobalSection
	GlobalSection(SolutionProperties) = preSolution
		HideSolutionNode = FALSE
	EndGlobalSection
	GlobalSection(ExtensibilityGlobals) = postSolution
		SolutionGuid = {EB8209AA-772F-47F3-8DFE-4D187F10B806}
	EndGlobalSection
EndGlobal
